// !$*UTF8*$!
{
	archiveVersion = 1;
	classes = {
	};
	objectVersion = 52;
	objects = {

/* Begin PBXBuildFile section */
		4F08829B25986B9E00E99167 /* PlayWithClockController.swift in Sources */ = {isa = PBXBuildFile; fileRef = 4F08829A25986B9E00E99167 /* PlayWithClockController.swift */; };
		4F0EC402259D9B76008AC986 /* LearnViewController.swift in Sources */ = {isa = PBXBuildFile; fileRef = 4F0EC401259D9B76008AC986 /* LearnViewController.swift */; };
		4F128EB42597115E00B5575C /* SetTimeViewController.swift in Sources */ = {isa = PBXBuildFile; fileRef = 4F128EB32597115E00B5575C /* SetTimeViewController.swift */; };
		4F1698AB25E26D0B0049452D /* CustomLiceneModelController.xib in Resources */ = {isa = PBXBuildFile; fileRef = 4F1698A925E26D0B0049452D /* CustomLiceneModelController.xib */; };
		4F1698AC25E26D0B0049452D /* CustomLiceneModelController.swift in Sources */ = {isa = PBXBuildFile; fileRef = 4F1698AA25E26D0B0049452D /* CustomLiceneModelController.swift */; };
		4F1698B625E26D140049452D /* PaymentDetailViewController.swift in Sources */ = {isa = PBXBuildFile; fileRef = 4F1698B025E26D140049452D /* PaymentDetailViewController.swift */; };
		4F1698B725E26D140049452D /* PaymentCostController.xib in Resources */ = {isa = PBXBuildFile; fileRef = 4F1698B125E26D140049452D /* PaymentCostController.xib */; };
		4F1698B825E26D140049452D /* SubscriptionDetailsController.swift in Sources */ = {isa = PBXBuildFile; fileRef = 4F1698B225E26D140049452D /* SubscriptionDetailsController.swift */; };
		4F1698B925E26D140049452D /* SubscriptionDetailsController.xib in Resources */ = {isa = PBXBuildFile; fileRef = 4F1698B325E26D140049452D /* SubscriptionDetailsController.xib */; };
		4F1698BA25E26D140049452D /* PaymentDetailViewController.xib in Resources */ = {isa = PBXBuildFile; fileRef = 4F1698B425E26D140049452D /* PaymentDetailViewController.xib */; };
		4F1698BB25E26D140049452D /* PaymentCostController.swift in Sources */ = {isa = PBXBuildFile; fileRef = 4F1698B525E26D140049452D /* PaymentCostController.swift */; };
		4F1ABE192595F35100256AB8 /* starFalling.gif in Resources */ = {isa = PBXBuildFile; fileRef = 4F1ABE182595F35100256AB8 /* starFalling.gif */; };
		4F1ABE1E2595F71800256AB8 /* GreenCracker.gif in Resources */ = {isa = PBXBuildFile; fileRef = 4F1ABE1D2595F71800256AB8 /* GreenCracker.gif */; };
		4F1E7D6C259CC70000A8A39B /* GuessClockFace.swift in Sources */ = {isa = PBXBuildFile; fileRef = 4F1E7D6B259CC70000A8A39B /* GuessClockFace.swift */; };
		4F1E7D71259CC7C300A8A39B /* GuessClocket.swift in Sources */ = {isa = PBXBuildFile; fileRef = 4F1E7D70259CC7C300A8A39B /* GuessClocket.swift */; };
		4F394C3425F4D42800F2403E /* Loading.gif in Resources */ = {isa = PBXBuildFile; fileRef = 4F394C2725F4D42600F2403E /* Loading.gif */; };
		4F394C3525F4D42800F2403E /* nanopb.xcframework in Frameworks */ = {isa = PBXBuildFile; fileRef = 4F394C2925F4D42800F2403E /* nanopb.xcframework */; };
		4F394C3625F4D42800F2403E /* GoogleAppMeasurement.framework in Frameworks */ = {isa = PBXBuildFile; fileRef = 4F394C2A25F4D42800F2403E /* GoogleAppMeasurement.framework */; };
		4F394C3725F4D42800F2403E /* Promises-LICENSE in Resources */ = {isa = PBXBuildFile; fileRef = 4F394C2C25F4D42800F2403E /* Promises-LICENSE */; };
		4F394C3825F4D42800F2403E /* NanoPB-LICENSE in Resources */ = {isa = PBXBuildFile; fileRef = 4F394C2D25F4D42800F2403E /* NanoPB-LICENSE */; };
		4F394C3925F4D42800F2403E /* OpenMeasurement-LICENSE in Resources */ = {isa = PBXBuildFile; fileRef = 4F394C2E25F4D42800F2403E /* OpenMeasurement-LICENSE */; };
		4F394C3A25F4D42800F2403E /* GoogleUtilities-LICENSE in Resources */ = {isa = PBXBuildFile; fileRef = 4F394C2F25F4D42800F2403E /* GoogleUtilities-LICENSE */; };
		4F394C3B25F4D42800F2403E /* PromisesObjC.xcframework in Frameworks */ = {isa = PBXBuildFile; fileRef = 4F394C3025F4D42800F2403E /* PromisesObjC.xcframework */; };
		4F394C3C25F4D42800F2403E /* UserMessagingPlatform.xcframework in Frameworks */ = {isa = PBXBuildFile; fileRef = 4F394C3125F4D42800F2403E /* UserMessagingPlatform.xcframework */; };
		4F394C3D25F4D42800F2403E /* GoogleMobileAds.xcframework in Frameworks */ = {isa = PBXBuildFile; fileRef = 4F394C3225F4D42800F2403E /* GoogleMobileAds.xcframework */; };
		4F394C3E25F4D42800F2403E /* GoogleUtilities.xcframework in Frameworks */ = {isa = PBXBuildFile; fileRef = 4F394C3325F4D42800F2403E /* GoogleUtilities.xcframework */; };
		4F43E64B25E153EA0018B3E0 /* FloatyWindow.swift in Sources */ = {isa = PBXBuildFile; fileRef = 4F43E64525E153EA0018B3E0 /* FloatyWindow.swift */; };
		4F43E64C25E153EA0018B3E0 /* FloatyManager.swift in Sources */ = {isa = PBXBuildFile; fileRef = 4F43E64625E153EA0018B3E0 /* FloatyManager.swift */; };
		4F43E64D25E153EA0018B3E0 /* FloatyItem.swift in Sources */ = {isa = PBXBuildFile; fileRef = 4F43E64725E153EA0018B3E0 /* FloatyItem.swift */; };
		4F43E64E25E153EA0018B3E0 /* FloatyViewController.swift in Sources */ = {isa = PBXBuildFile; fileRef = 4F43E64825E153EA0018B3E0 /* FloatyViewController.swift */; };
		4F43E64F25E153EA0018B3E0 /* Floaty.swift in Sources */ = {isa = PBXBuildFile; fileRef = 4F43E64925E153EA0018B3E0 /* Floaty.swift */; };
		4F43E65025E153EA0018B3E0 /* FloatyDelegate.swift in Sources */ = {isa = PBXBuildFile; fileRef = 4F43E64A25E153EA0018B3E0 /* FloatyDelegate.swift */; };
		4F43E66525E159F30018B3E0 /* SKProduct+LocalizedPrice.swift in Sources */ = {isa = PBXBuildFile; fileRef = 4F43E65625E159F30018B3E0 /* SKProduct+LocalizedPrice.swift */; };
		4F43E66625E159F30018B3E0 /* InAppProductQueryRequest.swift in Sources */ = {isa = PBXBuildFile; fileRef = 4F43E65725E159F30018B3E0 /* InAppProductQueryRequest.swift */; };
		4F43E66725E159F30018B3E0 /* InAppReceiptRefreshRequest.swift in Sources */ = {isa = PBXBuildFile; fileRef = 4F43E65825E159F30018B3E0 /* InAppReceiptRefreshRequest.swift */; };
		4F43E66825E159F30018B3E0 /* SwiftyStoreKit+Types.swift in Sources */ = {isa = PBXBuildFile; fileRef = 4F43E65925E159F30018B3E0 /* SwiftyStoreKit+Types.swift */; };
		4F43E66925E159F30018B3E0 /* InAppReceipt.swift in Sources */ = {isa = PBXBuildFile; fileRef = 4F43E65A25E159F30018B3E0 /* InAppReceipt.swift */; };
		4F43E66A25E159F30018B3E0 /* SwiftyStoreKit.swift in Sources */ = {isa = PBXBuildFile; fileRef = 4F43E65B25E159F30018B3E0 /* SwiftyStoreKit.swift */; };
		4F43E66B25E159F30018B3E0 /* ProductsInfoController.swift in Sources */ = {isa = PBXBuildFile; fileRef = 4F43E65C25E159F30018B3E0 /* ProductsInfoController.swift */; };
		4F43E66C25E159F30018B3E0 /* CompleteTransactionsController.swift in Sources */ = {isa = PBXBuildFile; fileRef = 4F43E65D25E159F30018B3E0 /* CompleteTransactionsController.swift */; };
		4F43E66D25E159F30018B3E0 /* PaymentsController.swift in Sources */ = {isa = PBXBuildFile; fileRef = 4F43E65E25E159F30018B3E0 /* PaymentsController.swift */; };
		4F43E66E25E159F30018B3E0 /* OS.swift in Sources */ = {isa = PBXBuildFile; fileRef = 4F43E65F25E159F30018B3E0 /* OS.swift */; };
		4F43E66F25E159F30018B3E0 /* RestorePurchasesController.swift in Sources */ = {isa = PBXBuildFile; fileRef = 4F43E66025E159F30018B3E0 /* RestorePurchasesController.swift */; };
		4F43E67025E159F30018B3E0 /* PaymentQueueController.swift in Sources */ = {isa = PBXBuildFile; fileRef = 4F43E66125E159F30018B3E0 /* PaymentQueueController.swift */; };
		4F43E67125E159F30018B3E0 /* InAppReceiptVerificator.swift in Sources */ = {isa = PBXBuildFile; fileRef = 4F43E66225E159F30018B3E0 /* InAppReceiptVerificator.swift */; };
		4F43E67225E159F30018B3E0 /* SKProductDiscount+LocalizedPrice.swift in Sources */ = {isa = PBXBuildFile; fileRef = 4F43E66325E159F30018B3E0 /* SKProductDiscount+LocalizedPrice.swift */; };
		4F43E67325E159F30018B3E0 /* AppleReceiptValidator.swift in Sources */ = {isa = PBXBuildFile; fileRef = 4F43E66425E159F30018B3E0 /* AppleReceiptValidator.swift */; };
		4F43E67F25E163810018B3E0 /* BackgroundMusic.mp3 in Resources */ = {isa = PBXBuildFile; fileRef = 4F43E67E25E163810018B3E0 /* BackgroundMusic.mp3 */; };
		4F43E69625E165130018B3E0 /* ClockBgMusic.mp3 in Resources */ = {isa = PBXBuildFile; fileRef = 4F43E69525E165130018B3E0 /* ClockBgMusic.mp3 */; };
		4F479B3225EF916D00899201 /* UILabelExtension.swift in Sources */ = {isa = PBXBuildFile; fileRef = 4F479B3125EF916D00899201 /* UILabelExtension.swift */; };
		4F5F382B2594D02200992FE3 /* Cracker.gif in Resources */ = {isa = PBXBuildFile; fileRef = 4F5F382A2594D02200992FE3 /* Cracker.gif */; };
		4F5F383E2594E87200992FE3 /* fireworks03.gif in Resources */ = {isa = PBXBuildFile; fileRef = 4F5F383D2594E87200992FE3 /* fireworks03.gif */; };
		4F5FCBAF25EE4AB200331771 /* 3-Hour.mp3 in Resources */ = {isa = PBXBuildFile; fileRef = 4F5FCBAE25EE4AB200331771 /* 3-Hour.mp3 */; };
		4F5FCBB525EE4AC200331771 /* 15-Minutes.mp3 in Resources */ = {isa = PBXBuildFile; fileRef = 4F5FCBB425EE4AC200331771 /* 15-Minutes.mp3 */; };
		4F5FCBBD25EE72C300331771 /* Set.mp3 in Resources */ = {isa = PBXBuildFile; fileRef = 4F5FCBBC25EE72C300331771 /* Set.mp3 */; };
		700E2E5A258A12100042EC2D /* UIButtonExtension.swift in Sources */ = {isa = PBXBuildFile; fileRef = 700E2E59258A12100042EC2D /* UIButtonExtension.swift */; };
		700E2E5D258A86790042EC2D /* WrongSelection.mp3 in Resources */ = {isa = PBXBuildFile; fileRef = 700E2E5C258A86790042EC2D /* WrongSelection.mp3 */; };
		700E2E5F258A88580042EC2D /* WellDone.mp3 in Resources */ = {isa = PBXBuildFile; fileRef = 700E2E5E258A88580042EC2D /* WellDone.mp3 */; };
		700E2E61258A8B290042EC2D /* Wrong1.mp3 in Resources */ = {isa = PBXBuildFile; fileRef = 700E2E60258A8B290042EC2D /* Wrong1.mp3 */; };
		70111073258BB27D00159541 /* Wrong_word.mp3 in Resources */ = {isa = PBXBuildFile; fileRef = 70111072258BB27C00159541 /* Wrong_word.mp3 */; };
		70111075258BCA8600159541 /* Wrong_Option_Clip.mp3 in Resources */ = {isa = PBXBuildFile; fileRef = 70111074258BCA8500159541 /* Wrong_Option_Clip.mp3 */; };
		701675F42588C542004F19BA /* PictureCardView.xib in Resources */ = {isa = PBXBuildFile; fileRef = 701675F22588C542004F19BA /* PictureCardView.xib */; };
		701675F52588C542004F19BA /* PictureCardView.swift in Sources */ = {isa = PBXBuildFile; fileRef = 701675F32588C542004F19BA /* PictureCardView.swift */; };
		701675F72588C611004F19BA /* GuessViewController.swift in Sources */ = {isa = PBXBuildFile; fileRef = 701675F62588C611004F19BA /* GuessViewController.swift */; };
		701675FA2588EE52004F19BA /* ShowClockViewController.swift in Sources */ = {isa = PBXBuildFile; fileRef = 701675F82588EE52004F19BA /* ShowClockViewController.swift */; };
		701675FB2588EE52004F19BA /* ShowClockViewController.xib in Resources */ = {isa = PBXBuildFile; fileRef = 701675F92588EE52004F19BA /* ShowClockViewController.xib */; };
		7023D4C12581FDC200B752D4 /* LocalizableEnglish.strings in Resources */ = {isa = PBXBuildFile; fileRef = 7023D4C02581FDC200B752D4 /* LocalizableEnglish.strings */; };
		7023D4CB2583523000B752D4 /* GuessTimeCardView.swift in Sources */ = {isa = PBXBuildFile; fileRef = 7023D4C92583523000B752D4 /* GuessTimeCardView.swift */; };
		7023D4CC2583523000B752D4 /* GuessTimeCardView.xib in Resources */ = {isa = PBXBuildFile; fileRef = 7023D4CA2583523000B752D4 /* GuessTimeCardView.xib */; };
		7023D4CE2583583800B752D4 /* AppConstants.swift in Sources */ = {isa = PBXBuildFile; fileRef = 7023D4CD2583583800B752D4 /* AppConstants.swift */; };
		709EAE7E2580A93700F8FEEC /* AppDelegate.swift in Sources */ = {isa = PBXBuildFile; fileRef = 709EAE7D2580A93700F8FEEC /* AppDelegate.swift */; };
		709EAE802580A93700F8FEEC /* SceneDelegate.swift in Sources */ = {isa = PBXBuildFile; fileRef = 709EAE7F2580A93700F8FEEC /* SceneDelegate.swift */; };
		709EAE822580A93700F8FEEC /* ViewController.swift in Sources */ = {isa = PBXBuildFile; fileRef = 709EAE812580A93700F8FEEC /* ViewController.swift */; };
		709EAE852580A93700F8FEEC /* Main.storyboard in Resources */ = {isa = PBXBuildFile; fileRef = 709EAE832580A93700F8FEEC /* Main.storyboard */; };
		709EAE872580A93C00F8FEEC /* Assets.xcassets in Resources */ = {isa = PBXBuildFile; fileRef = 709EAE862580A93C00F8FEEC /* Assets.xcassets */; };
		709EAE8A2580A93C00F8FEEC /* LaunchScreen.storyboard in Resources */ = {isa = PBXBuildFile; fileRef = 709EAE882580A93C00F8FEEC /* LaunchScreen.storyboard */; };
		709EAE952580A93C00F8FEEC /* Kids_LearnWithFun_ClockTests.swift in Sources */ = {isa = PBXBuildFile; fileRef = 709EAE942580A93C00F8FEEC /* Kids_LearnWithFun_ClockTests.swift */; };
		709EAEA02580A93C00F8FEEC /* Kids_LearnWithFun_ClockUITests.swift in Sources */ = {isa = PBXBuildFile; fileRef = 709EAE9F2580A93C00F8FEEC /* Kids_LearnWithFun_ClockUITests.swift */; };
		709EAEB12580AFE800F8FEEC /* SetClocket.swift in Sources */ = {isa = PBXBuildFile; fileRef = 709EAEAE2580AFE700F8FEEC /* SetClocket.swift */; };
		709EAEB22580AFE900F8FEEC /* GuessClockHand.swift in Sources */ = {isa = PBXBuildFile; fileRef = 709EAEAF2580AFE800F8FEEC /* GuessClockHand.swift */; };
		709EAEB32580AFE900F8FEEC /* SetClockFace.swift in Sources */ = {isa = PBXBuildFile; fileRef = 709EAEB02580AFE800F8FEEC /* SetClockFace.swift */; };
		709EAEB52580CA6C00F8FEEC /* CommanCode.swift in Sources */ = {isa = PBXBuildFile; fileRef = 709EAEB42580CA6C00F8FEEC /* CommanCode.swift */; };
		709EAEB82580DBA000F8FEEC /* ClockLearn.gif in Resources */ = {isa = PBXBuildFile; fileRef = 709EAEB72580DBA000F8FEEC /* ClockLearn.gif */; };
		709EAEBA2580DD6000F8FEEC /* GIFSwift.swift in Sources */ = {isa = PBXBuildFile; fileRef = 709EAEB92580DD6000F8FEEC /* GIFSwift.swift */; };
		70F28466258119C100D68BDA /* UIViewExtension.swift in Sources */ = {isa = PBXBuildFile; fileRef = 70F28465258119C000D68BDA /* UIViewExtension.swift */; };
/* End PBXBuildFile section */

/* Begin PBXContainerItemProxy section */
		709EAE912580A93C00F8FEEC /* PBXContainerItemProxy */ = {
			isa = PBXContainerItemProxy;
			containerPortal = 709EAE722580A93600F8FEEC /* Project object */;
			proxyType = 1;
			remoteGlobalIDString = 709EAE792580A93600F8FEEC;
			remoteInfo = "Kids-LearnWithFun-Clock";
		};
		709EAE9C2580A93C00F8FEEC /* PBXContainerItemProxy */ = {
			isa = PBXContainerItemProxy;
			containerPortal = 709EAE722580A93600F8FEEC /* Project object */;
			proxyType = 1;
			remoteGlobalIDString = 709EAE792580A93600F8FEEC;
			remoteInfo = "Kids-LearnWithFun-Clock";
		};
/* End PBXContainerItemProxy section */

/* Begin PBXFileReference section */
		4F08829A25986B9E00E99167 /* PlayWithClockController.swift */ = {isa = PBXFileReference; lastKnownFileType = sourcecode.swift; path = PlayWithClockController.swift; sourceTree = "<group>"; };
		4F0EC401259D9B76008AC986 /* LearnViewController.swift */ = {isa = PBXFileReference; lastKnownFileType = sourcecode.swift; path = LearnViewController.swift; sourceTree = "<group>"; };
		4F128EB32597115E00B5575C /* SetTimeViewController.swift */ = {isa = PBXFileReference; lastKnownFileType = sourcecode.swift; path = SetTimeViewController.swift; sourceTree = "<group>"; };
		4F1698A925E26D0B0049452D /* CustomLiceneModelController.xib */ = {isa = PBXFileReference; fileEncoding = 4; lastKnownFileType = file.xib; path = CustomLiceneModelController.xib; sourceTree = "<group>"; };
		4F1698AA25E26D0B0049452D /* CustomLiceneModelController.swift */ = {isa = PBXFileReference; fileEncoding = 4; lastKnownFileType = sourcecode.swift; path = CustomLiceneModelController.swift; sourceTree = "<group>"; };
		4F1698B025E26D140049452D /* PaymentDetailViewController.swift */ = {isa = PBXFileReference; fileEncoding = 4; lastKnownFileType = sourcecode.swift; path = PaymentDetailViewController.swift; sourceTree = "<group>"; };
		4F1698B125E26D140049452D /* PaymentCostController.xib */ = {isa = PBXFileReference; fileEncoding = 4; lastKnownFileType = file.xib; path = PaymentCostController.xib; sourceTree = "<group>"; };
		4F1698B225E26D140049452D /* SubscriptionDetailsController.swift */ = {isa = PBXFileReference; fileEncoding = 4; lastKnownFileType = sourcecode.swift; path = SubscriptionDetailsController.swift; sourceTree = "<group>"; };
		4F1698B325E26D140049452D /* SubscriptionDetailsController.xib */ = {isa = PBXFileReference; fileEncoding = 4; lastKnownFileType = file.xib; path = SubscriptionDetailsController.xib; sourceTree = "<group>"; };
		4F1698B425E26D140049452D /* PaymentDetailViewController.xib */ = {isa = PBXFileReference; fileEncoding = 4; lastKnownFileType = file.xib; path = PaymentDetailViewController.xib; sourceTree = "<group>"; };
		4F1698B525E26D140049452D /* PaymentCostController.swift */ = {isa = PBXFileReference; fileEncoding = 4; lastKnownFileType = sourcecode.swift; path = PaymentCostController.swift; sourceTree = "<group>"; };
		4F1ABE182595F35100256AB8 /* starFalling.gif */ = {isa = PBXFileReference; lastKnownFileType = image.gif; path = starFalling.gif; sourceTree = "<group>"; };
		4F1ABE1D2595F71800256AB8 /* GreenCracker.gif */ = {isa = PBXFileReference; lastKnownFileType = image.gif; path = GreenCracker.gif; sourceTree = "<group>"; };
		4F1E7D6B259CC70000A8A39B /* GuessClockFace.swift */ = {isa = PBXFileReference; lastKnownFileType = sourcecode.swift; path = GuessClockFace.swift; sourceTree = "<group>"; };
		4F1E7D70259CC7C300A8A39B /* GuessClocket.swift */ = {isa = PBXFileReference; lastKnownFileType = sourcecode.swift; path = GuessClocket.swift; sourceTree = "<group>"; };
		4F394C2725F4D42600F2403E /* Loading.gif */ = {isa = PBXFileReference; lastKnownFileType = image.gif; path = Loading.gif; sourceTree = "<group>"; };
		4F394C2925F4D42800F2403E /* nanopb.xcframework */ = {isa = PBXFileReference; lastKnownFileType = wrapper.xcframework; path = nanopb.xcframework; sourceTree = "<group>"; };
		4F394C2A25F4D42800F2403E /* GoogleAppMeasurement.framework */ = {isa = PBXFileReference; lastKnownFileType = wrapper.framework; path = GoogleAppMeasurement.framework; sourceTree = "<group>"; };
		4F394C2C25F4D42800F2403E /* Promises-LICENSE */ = {isa = PBXFileReference; fileEncoding = 4; lastKnownFileType = text; path = "Promises-LICENSE"; sourceTree = "<group>"; };
		4F394C2D25F4D42800F2403E /* NanoPB-LICENSE */ = {isa = PBXFileReference; fileEncoding = 4; lastKnownFileType = text; path = "NanoPB-LICENSE"; sourceTree = "<group>"; };
		4F394C2E25F4D42800F2403E /* OpenMeasurement-LICENSE */ = {isa = PBXFileReference; fileEncoding = 4; lastKnownFileType = text; path = "OpenMeasurement-LICENSE"; sourceTree = "<group>"; };
		4F394C2F25F4D42800F2403E /* GoogleUtilities-LICENSE */ = {isa = PBXFileReference; fileEncoding = 4; lastKnownFileType = text; path = "GoogleUtilities-LICENSE"; sourceTree = "<group>"; };
		4F394C3025F4D42800F2403E /* PromisesObjC.xcframework */ = {isa = PBXFileReference; lastKnownFileType = wrapper.xcframework; path = PromisesObjC.xcframework; sourceTree = "<group>"; };
		4F394C3125F4D42800F2403E /* UserMessagingPlatform.xcframework */ = {isa = PBXFileReference; lastKnownFileType = wrapper.xcframework; path = UserMessagingPlatform.xcframework; sourceTree = "<group>"; };
		4F394C3225F4D42800F2403E /* GoogleMobileAds.xcframework */ = {isa = PBXFileReference; lastKnownFileType = wrapper.xcframework; path = GoogleMobileAds.xcframework; sourceTree = "<group>"; };
		4F394C3325F4D42800F2403E /* GoogleUtilities.xcframework */ = {isa = PBXFileReference; lastKnownFileType = wrapper.xcframework; path = GoogleUtilities.xcframework; sourceTree = "<group>"; };
		4F43E64525E153EA0018B3E0 /* FloatyWindow.swift */ = {isa = PBXFileReference; fileEncoding = 4; lastKnownFileType = sourcecode.swift; path = FloatyWindow.swift; sourceTree = "<group>"; };
		4F43E64625E153EA0018B3E0 /* FloatyManager.swift */ = {isa = PBXFileReference; fileEncoding = 4; lastKnownFileType = sourcecode.swift; path = FloatyManager.swift; sourceTree = "<group>"; };
		4F43E64725E153EA0018B3E0 /* FloatyItem.swift */ = {isa = PBXFileReference; fileEncoding = 4; lastKnownFileType = sourcecode.swift; path = FloatyItem.swift; sourceTree = "<group>"; };
		4F43E64825E153EA0018B3E0 /* FloatyViewController.swift */ = {isa = PBXFileReference; fileEncoding = 4; lastKnownFileType = sourcecode.swift; path = FloatyViewController.swift; sourceTree = "<group>"; };
		4F43E64925E153EA0018B3E0 /* Floaty.swift */ = {isa = PBXFileReference; fileEncoding = 4; lastKnownFileType = sourcecode.swift; path = Floaty.swift; sourceTree = "<group>"; };
		4F43E64A25E153EA0018B3E0 /* FloatyDelegate.swift */ = {isa = PBXFileReference; fileEncoding = 4; lastKnownFileType = sourcecode.swift; path = FloatyDelegate.swift; sourceTree = "<group>"; };
		4F43E65625E159F30018B3E0 /* SKProduct+LocalizedPrice.swift */ = {isa = PBXFileReference; fileEncoding = 4; lastKnownFileType = sourcecode.swift; path = "SKProduct+LocalizedPrice.swift"; sourceTree = "<group>"; };
		4F43E65725E159F30018B3E0 /* InAppProductQueryRequest.swift */ = {isa = PBXFileReference; fileEncoding = 4; lastKnownFileType = sourcecode.swift; path = InAppProductQueryRequest.swift; sourceTree = "<group>"; };
		4F43E65825E159F30018B3E0 /* InAppReceiptRefreshRequest.swift */ = {isa = PBXFileReference; fileEncoding = 4; lastKnownFileType = sourcecode.swift; path = InAppReceiptRefreshRequest.swift; sourceTree = "<group>"; };
		4F43E65925E159F30018B3E0 /* SwiftyStoreKit+Types.swift */ = {isa = PBXFileReference; fileEncoding = 4; lastKnownFileType = sourcecode.swift; path = "SwiftyStoreKit+Types.swift"; sourceTree = "<group>"; };
		4F43E65A25E159F30018B3E0 /* InAppReceipt.swift */ = {isa = PBXFileReference; fileEncoding = 4; lastKnownFileType = sourcecode.swift; path = InAppReceipt.swift; sourceTree = "<group>"; };
		4F43E65B25E159F30018B3E0 /* SwiftyStoreKit.swift */ = {isa = PBXFileReference; fileEncoding = 4; lastKnownFileType = sourcecode.swift; path = SwiftyStoreKit.swift; sourceTree = "<group>"; };
		4F43E65C25E159F30018B3E0 /* ProductsInfoController.swift */ = {isa = PBXFileReference; fileEncoding = 4; lastKnownFileType = sourcecode.swift; path = ProductsInfoController.swift; sourceTree = "<group>"; };
		4F43E65D25E159F30018B3E0 /* CompleteTransactionsController.swift */ = {isa = PBXFileReference; fileEncoding = 4; lastKnownFileType = sourcecode.swift; path = CompleteTransactionsController.swift; sourceTree = "<group>"; };
		4F43E65E25E159F30018B3E0 /* PaymentsController.swift */ = {isa = PBXFileReference; fileEncoding = 4; lastKnownFileType = sourcecode.swift; path = PaymentsController.swift; sourceTree = "<group>"; };
		4F43E65F25E159F30018B3E0 /* OS.swift */ = {isa = PBXFileReference; fileEncoding = 4; lastKnownFileType = sourcecode.swift; path = OS.swift; sourceTree = "<group>"; };
		4F43E66025E159F30018B3E0 /* RestorePurchasesController.swift */ = {isa = PBXFileReference; fileEncoding = 4; lastKnownFileType = sourcecode.swift; path = RestorePurchasesController.swift; sourceTree = "<group>"; };
		4F43E66125E159F30018B3E0 /* PaymentQueueController.swift */ = {isa = PBXFileReference; fileEncoding = 4; lastKnownFileType = sourcecode.swift; path = PaymentQueueController.swift; sourceTree = "<group>"; };
		4F43E66225E159F30018B3E0 /* InAppReceiptVerificator.swift */ = {isa = PBXFileReference; fileEncoding = 4; lastKnownFileType = sourcecode.swift; path = InAppReceiptVerificator.swift; sourceTree = "<group>"; };
		4F43E66325E159F30018B3E0 /* SKProductDiscount+LocalizedPrice.swift */ = {isa = PBXFileReference; fileEncoding = 4; lastKnownFileType = sourcecode.swift; path = "SKProductDiscount+LocalizedPrice.swift"; sourceTree = "<group>"; };
		4F43E66425E159F30018B3E0 /* AppleReceiptValidator.swift */ = {isa = PBXFileReference; fileEncoding = 4; lastKnownFileType = sourcecode.swift; path = AppleReceiptValidator.swift; sourceTree = "<group>"; };
		4F43E67E25E163810018B3E0 /* BackgroundMusic.mp3 */ = {isa = PBXFileReference; lastKnownFileType = audio.mp3; path = BackgroundMusic.mp3; sourceTree = "<group>"; };
		4F43E68B25E164210018B3E0 /* NewRecording.m4a */ = {isa = PBXFileReference; lastKnownFileType = file; path = NewRecording.m4a; sourceTree = "<group>"; };
		4F43E69525E165130018B3E0 /* ClockBgMusic.mp3 */ = {isa = PBXFileReference; lastKnownFileType = audio.mp3; path = ClockBgMusic.mp3; sourceTree = "<group>"; };
		4F479B3125EF916D00899201 /* UILabelExtension.swift */ = {isa = PBXFileReference; fileEncoding = 4; lastKnownFileType = sourcecode.swift; path = UILabelExtension.swift; sourceTree = "<group>"; };
		4F5F382A2594D02200992FE3 /* Cracker.gif */ = {isa = PBXFileReference; lastKnownFileType = image.gif; path = Cracker.gif; sourceTree = "<group>"; };
		4F5F383D2594E87200992FE3 /* fireworks03.gif */ = {isa = PBXFileReference; lastKnownFileType = image.gif; path = fireworks03.gif; sourceTree = "<group>"; };
		4F5FCBAE25EE4AB200331771 /* 3-Hour.mp3 */ = {isa = PBXFileReference; lastKnownFileType = audio.mp3; path = "3-Hour.mp3"; sourceTree = "<group>"; };
		4F5FCBB425EE4AC200331771 /* 15-Minutes.mp3 */ = {isa = PBXFileReference; lastKnownFileType = audio.mp3; path = "15-Minutes.mp3"; sourceTree = "<group>"; };
		4F5FCBBC25EE72C300331771 /* Set.mp3 */ = {isa = PBXFileReference; lastKnownFileType = audio.mp3; path = Set.mp3; sourceTree = "<group>"; };
		700E2E59258A12100042EC2D /* UIButtonExtension.swift */ = {isa = PBXFileReference; lastKnownFileType = sourcecode.swift; path = UIButtonExtension.swift; sourceTree = "<group>"; };
		700E2E5C258A86790042EC2D /* WrongSelection.mp3 */ = {isa = PBXFileReference; lastKnownFileType = audio.mp3; path = WrongSelection.mp3; sourceTree = "<group>"; };
		700E2E5E258A88580042EC2D /* WellDone.mp3 */ = {isa = PBXFileReference; lastKnownFileType = audio.mp3; path = WellDone.mp3; sourceTree = "<group>"; };
		700E2E60258A8B290042EC2D /* Wrong1.mp3 */ = {isa = PBXFileReference; lastKnownFileType = audio.mp3; path = Wrong1.mp3; sourceTree = "<group>"; };
		70111072258BB27C00159541 /* Wrong_word.mp3 */ = {isa = PBXFileReference; lastKnownFileType = audio.mp3; path = Wrong_word.mp3; sourceTree = "<group>"; };
		70111074258BCA8500159541 /* Wrong_Option_Clip.mp3 */ = {isa = PBXFileReference; lastKnownFileType = audio.mp3; path = Wrong_Option_Clip.mp3; sourceTree = "<group>"; };
		701675F22588C542004F19BA /* PictureCardView.xib */ = {isa = PBXFileReference; fileEncoding = 4; lastKnownFileType = file.xib; path = PictureCardView.xib; sourceTree = "<group>"; };
		701675F32588C542004F19BA /* PictureCardView.swift */ = {isa = PBXFileReference; fileEncoding = 4; lastKnownFileType = sourcecode.swift; path = PictureCardView.swift; sourceTree = "<group>"; };
		701675F62588C611004F19BA /* GuessViewController.swift */ = {isa = PBXFileReference; fileEncoding = 4; lastKnownFileType = sourcecode.swift; path = GuessViewController.swift; sourceTree = "<group>"; };
		701675F82588EE52004F19BA /* ShowClockViewController.swift */ = {isa = PBXFileReference; lastKnownFileType = sourcecode.swift; path = ShowClockViewController.swift; sourceTree = "<group>"; };
		701675F92588EE52004F19BA /* ShowClockViewController.xib */ = {isa = PBXFileReference; lastKnownFileType = file.xib; path = ShowClockViewController.xib; sourceTree = "<group>"; };
		7023D4C02581FDC200B752D4 /* LocalizableEnglish.strings */ = {isa = PBXFileReference; lastKnownFileType = text.plist.strings; path = LocalizableEnglish.strings; sourceTree = "<group>"; };
		7023D4C92583523000B752D4 /* GuessTimeCardView.swift */ = {isa = PBXFileReference; lastKnownFileType = sourcecode.swift; path = GuessTimeCardView.swift; sourceTree = "<group>"; };
		7023D4CA2583523000B752D4 /* GuessTimeCardView.xib */ = {isa = PBXFileReference; lastKnownFileType = file.xib; path = GuessTimeCardView.xib; sourceTree = "<group>"; };
		7023D4CD2583583800B752D4 /* AppConstants.swift */ = {isa = PBXFileReference; lastKnownFileType = sourcecode.swift; path = AppConstants.swift; sourceTree = "<group>"; };
		709EAE7A2580A93600F8FEEC /* Learn Clock - Time.app */ = {isa = PBXFileReference; explicitFileType = wrapper.application; includeInIndex = 0; path = "Learn Clock - Time.app"; sourceTree = BUILT_PRODUCTS_DIR; };
		709EAE7D2580A93700F8FEEC /* AppDelegate.swift */ = {isa = PBXFileReference; lastKnownFileType = sourcecode.swift; path = AppDelegate.swift; sourceTree = "<group>"; };
		709EAE7F2580A93700F8FEEC /* SceneDelegate.swift */ = {isa = PBXFileReference; lastKnownFileType = sourcecode.swift; path = SceneDelegate.swift; sourceTree = "<group>"; };
		709EAE812580A93700F8FEEC /* ViewController.swift */ = {isa = PBXFileReference; lastKnownFileType = sourcecode.swift; path = ViewController.swift; sourceTree = "<group>"; };
		709EAE842580A93700F8FEEC /* Base */ = {isa = PBXFileReference; lastKnownFileType = file.storyboard; name = Base; path = Base.lproj/Main.storyboard; sourceTree = "<group>"; };
		709EAE862580A93C00F8FEEC /* Assets.xcassets */ = {isa = PBXFileReference; lastKnownFileType = folder.assetcatalog; path = Assets.xcassets; sourceTree = "<group>"; };
		709EAE892580A93C00F8FEEC /* Base */ = {isa = PBXFileReference; lastKnownFileType = file.storyboard; name = Base; path = Base.lproj/LaunchScreen.storyboard; sourceTree = "<group>"; };
		709EAE8B2580A93C00F8FEEC /* Info.plist */ = {isa = PBXFileReference; lastKnownFileType = text.plist.xml; path = Info.plist; sourceTree = "<group>"; };
		709EAE902580A93C00F8FEEC /* Kids-LearnWithFun-ClockTests.xctest */ = {isa = PBXFileReference; explicitFileType = wrapper.cfbundle; includeInIndex = 0; path = "Kids-LearnWithFun-ClockTests.xctest"; sourceTree = BUILT_PRODUCTS_DIR; };
		709EAE942580A93C00F8FEEC /* Kids_LearnWithFun_ClockTests.swift */ = {isa = PBXFileReference; lastKnownFileType = sourcecode.swift; path = Kids_LearnWithFun_ClockTests.swift; sourceTree = "<group>"; };
		709EAE962580A93C00F8FEEC /* Info.plist */ = {isa = PBXFileReference; lastKnownFileType = text.plist.xml; path = Info.plist; sourceTree = "<group>"; };
		709EAE9B2580A93C00F8FEEC /* Kids-LearnWithFun-ClockUITests.xctest */ = {isa = PBXFileReference; explicitFileType = wrapper.cfbundle; includeInIndex = 0; path = "Kids-LearnWithFun-ClockUITests.xctest"; sourceTree = BUILT_PRODUCTS_DIR; };
		709EAE9F2580A93C00F8FEEC /* Kids_LearnWithFun_ClockUITests.swift */ = {isa = PBXFileReference; lastKnownFileType = sourcecode.swift; path = Kids_LearnWithFun_ClockUITests.swift; sourceTree = "<group>"; };
		709EAEA12580A93C00F8FEEC /* Info.plist */ = {isa = PBXFileReference; lastKnownFileType = text.plist.xml; path = Info.plist; sourceTree = "<group>"; };
		709EAEAE2580AFE700F8FEEC /* SetClocket.swift */ = {isa = PBXFileReference; fileEncoding = 4; lastKnownFileType = sourcecode.swift; path = SetClocket.swift; sourceTree = "<group>"; };
		709EAEAF2580AFE800F8FEEC /* GuessClockHand.swift */ = {isa = PBXFileReference; fileEncoding = 4; lastKnownFileType = sourcecode.swift; path = GuessClockHand.swift; sourceTree = "<group>"; };
		709EAEB02580AFE800F8FEEC /* SetClockFace.swift */ = {isa = PBXFileReference; fileEncoding = 4; lastKnownFileType = sourcecode.swift; path = SetClockFace.swift; sourceTree = "<group>"; };
		709EAEB42580CA6C00F8FEEC /* CommanCode.swift */ = {isa = PBXFileReference; lastKnownFileType = sourcecode.swift; path = CommanCode.swift; sourceTree = "<group>"; };
		709EAEB72580DBA000F8FEEC /* ClockLearn.gif */ = {isa = PBXFileReference; lastKnownFileType = image.gif; path = ClockLearn.gif; sourceTree = "<group>"; };
		709EAEB92580DD6000F8FEEC /* GIFSwift.swift */ = {isa = PBXFileReference; fileEncoding = 4; lastKnownFileType = sourcecode.swift; path = GIFSwift.swift; sourceTree = "<group>"; };
		70F28465258119C000D68BDA /* UIViewExtension.swift */ = {isa = PBXFileReference; fileEncoding = 4; lastKnownFileType = sourcecode.swift; path = UIViewExtension.swift; sourceTree = "<group>"; };
/* End PBXFileReference section */

/* Begin PBXFrameworksBuildPhase section */
		709EAE772580A93600F8FEEC /* Frameworks */ = {
			isa = PBXFrameworksBuildPhase;
			buildActionMask = 2147483647;
			files = (
				4F394C3B25F4D42800F2403E /* PromisesObjC.xcframework in Frameworks */,
				4F394C3D25F4D42800F2403E /* GoogleMobileAds.xcframework in Frameworks */,
				4F394C3625F4D42800F2403E /* GoogleAppMeasurement.framework in Frameworks */,
				4F394C3C25F4D42800F2403E /* UserMessagingPlatform.xcframework in Frameworks */,
				4F394C3525F4D42800F2403E /* nanopb.xcframework in Frameworks */,
				4F394C3E25F4D42800F2403E /* GoogleUtilities.xcframework in Frameworks */,
			);
			runOnlyForDeploymentPostprocessing = 0;
		};
		709EAE8D2580A93C00F8FEEC /* Frameworks */ = {
			isa = PBXFrameworksBuildPhase;
			buildActionMask = 2147483647;
			files = (
			);
			runOnlyForDeploymentPostprocessing = 0;
		};
		709EAE982580A93C00F8FEEC /* Frameworks */ = {
			isa = PBXFrameworksBuildPhase;
			buildActionMask = 2147483647;
			files = (
			);
			runOnlyForDeploymentPostprocessing = 0;
		};
/* End PBXFrameworksBuildPhase section */

/* Begin PBXGroup section */
		4F1698A825E26D030049452D /* Payment */ = {
			isa = PBXGroup;
			children = (
				4F1698AA25E26D0B0049452D /* CustomLiceneModelController.swift */,
				4F1698A925E26D0B0049452D /* CustomLiceneModelController.xib */,
				4F1698B525E26D140049452D /* PaymentCostController.swift */,
				4F1698B125E26D140049452D /* PaymentCostController.xib */,
				4F1698B025E26D140049452D /* PaymentDetailViewController.swift */,
				4F1698B425E26D140049452D /* PaymentDetailViewController.xib */,
				4F1698B225E26D140049452D /* SubscriptionDetailsController.swift */,
				4F1698B325E26D140049452D /* SubscriptionDetailsController.xib */,
			);
			path = Payment;
			sourceTree = "<group>";
		};
		4F394C2825F4D42800F2403E /* GoogleMobileAdsSdkiOS-7.69.0 */ = {
			isa = PBXGroup;
			children = (
				4F394C2925F4D42800F2403E /* nanopb.xcframework */,
				4F394C2A25F4D42800F2403E /* GoogleAppMeasurement.framework */,
				4F394C2B25F4D42800F2403E /* Licenses */,
				4F394C3025F4D42800F2403E /* PromisesObjC.xcframework */,
				4F394C3125F4D42800F2403E /* UserMessagingPlatform.xcframework */,
				4F394C3225F4D42800F2403E /* GoogleMobileAds.xcframework */,
				4F394C3325F4D42800F2403E /* GoogleUtilities.xcframework */,
			);
			path = "GoogleMobileAdsSdkiOS-7.69.0";
			sourceTree = "<group>";
		};
		4F394C2B25F4D42800F2403E /* Licenses */ = {
			isa = PBXGroup;
			children = (
				4F394C2C25F4D42800F2403E /* Promises-LICENSE */,
				4F394C2D25F4D42800F2403E /* NanoPB-LICENSE */,
				4F394C2E25F4D42800F2403E /* OpenMeasurement-LICENSE */,
				4F394C2F25F4D42800F2403E /* GoogleUtilities-LICENSE */,
			);
			path = Licenses;
			sourceTree = "<group>";
		};
		4F428F7A25EE1C2400EED0E3 /* ClockFiles */ = {
			isa = PBXGroup;
			children = (
				4F428F7B25EE1C3100EED0E3 /* GuessClock */,
				4F428F7F25EE1C5F00EED0E3 /* SetClock */,
			);
			path = ClockFiles;
			sourceTree = "<group>";
		};
		4F428F7B25EE1C3100EED0E3 /* GuessClock */ = {
			isa = PBXGroup;
			children = (
				709EAEAF2580AFE800F8FEEC /* GuessClockHand.swift */,
				4F1E7D6B259CC70000A8A39B /* GuessClockFace.swift */,
				4F1E7D70259CC7C300A8A39B /* GuessClocket.swift */,
			);
			path = GuessClock;
			sourceTree = "<group>";
		};
		4F428F7F25EE1C5F00EED0E3 /* SetClock */ = {
			isa = PBXGroup;
			children = (
				709EAEAE2580AFE700F8FEEC /* SetClocket.swift */,
				709EAEB02580AFE800F8FEEC /* SetClockFace.swift */,
			);
			path = SetClock;
			sourceTree = "<group>";
		};
		4F43E64425E153EA0018B3E0 /* Floaty */ = {
			isa = PBXGroup;
			children = (
				4F43E64525E153EA0018B3E0 /* FloatyWindow.swift */,
				4F43E64625E153EA0018B3E0 /* FloatyManager.swift */,
				4F43E64725E153EA0018B3E0 /* FloatyItem.swift */,
				4F43E64825E153EA0018B3E0 /* FloatyViewController.swift */,
				4F43E64925E153EA0018B3E0 /* Floaty.swift */,
				4F43E64A25E153EA0018B3E0 /* FloatyDelegate.swift */,
			);
			path = Floaty;
			sourceTree = "<group>";
		};
		4F43E65525E159F30018B3E0 /* SwiftyStoreKit */ = {
			isa = PBXGroup;
			children = (
				4F43E65625E159F30018B3E0 /* SKProduct+LocalizedPrice.swift */,
				4F43E65725E159F30018B3E0 /* InAppProductQueryRequest.swift */,
				4F43E65825E159F30018B3E0 /* InAppReceiptRefreshRequest.swift */,
				4F43E65925E159F30018B3E0 /* SwiftyStoreKit+Types.swift */,
				4F43E65A25E159F30018B3E0 /* InAppReceipt.swift */,
				4F43E65B25E159F30018B3E0 /* SwiftyStoreKit.swift */,
				4F43E65C25E159F30018B3E0 /* ProductsInfoController.swift */,
				4F43E65D25E159F30018B3E0 /* CompleteTransactionsController.swift */,
				4F43E65E25E159F30018B3E0 /* PaymentsController.swift */,
				4F43E65F25E159F30018B3E0 /* OS.swift */,
				4F43E66025E159F30018B3E0 /* RestorePurchasesController.swift */,
				4F43E66125E159F30018B3E0 /* PaymentQueueController.swift */,
				4F43E66225E159F30018B3E0 /* InAppReceiptVerificator.swift */,
				4F43E66325E159F30018B3E0 /* SKProductDiscount+LocalizedPrice.swift */,
				4F43E66425E159F30018B3E0 /* AppleReceiptValidator.swift */,
			);
			path = SwiftyStoreKit;
			sourceTree = "<group>";
		};
		4F5F38292594D00700992FE3 /* Gif_Images */ = {
			isa = PBXGroup;
			children = (
				4F5F383D2594E87200992FE3 /* fireworks03.gif */,
				4F1ABE182595F35100256AB8 /* starFalling.gif */,
				4F1ABE1D2595F71800256AB8 /* GreenCracker.gif */,
				4F5F382A2594D02200992FE3 /* Cracker.gif */,
			);
			path = Gif_Images;
			sourceTree = "<group>";
		};
		4F5FCBAA25EE482300331771 /* HourSound */ = {
			isa = PBXGroup;
			children = (
				4F5FCBAE25EE4AB200331771 /* 3-Hour.mp3 */,
			);
			path = HourSound;
			sourceTree = "<group>";
		};
		4F5FCBB325EE4AB700331771 /* MinuteSound */ = {
			isa = PBXGroup;
			children = (
				4F5FCBB425EE4AC200331771 /* 15-Minutes.mp3 */,
			);
			path = MinuteSound;
			sourceTree = "<group>";
		};
		700E2E5B258A86590042EC2D /* Sound */ = {
			isa = PBXGroup;
			children = (
				4F5FCBB325EE4AB700331771 /* MinuteSound */,
				4F5FCBAA25EE482300331771 /* HourSound */,
				70111072258BB27C00159541 /* Wrong_word.mp3 */,
				4F43E69525E165130018B3E0 /* ClockBgMusic.mp3 */,
				4F43E67E25E163810018B3E0 /* BackgroundMusic.mp3 */,
				70111074258BCA8500159541 /* Wrong_Option_Clip.mp3 */,
				4F5FCBBC25EE72C300331771 /* Set.mp3 */,
				4F43E68B25E164210018B3E0 /* NewRecording.m4a */,
				700E2E60258A8B290042EC2D /* Wrong1.mp3 */,
				700E2E5E258A88580042EC2D /* WellDone.mp3 */,
				700E2E5C258A86790042EC2D /* WrongSelection.mp3 */,
			);
			path = Sound;
			sourceTree = "<group>";
		};
		7023D4C825834E1100B752D4 /* CustomView */ = {
			isa = PBXGroup;
			children = (
				701675F32588C542004F19BA /* PictureCardView.swift */,
				701675F22588C542004F19BA /* PictureCardView.xib */,
				7023D4C92583523000B752D4 /* GuessTimeCardView.swift */,
				7023D4CA2583523000B752D4 /* GuessTimeCardView.xib */,
			);
			path = CustomView;
			sourceTree = "<group>";
		};
		709EAE712580A93600F8FEEC = {
			isa = PBXGroup;
			children = (
				709EAE7C2580A93700F8FEEC /* Kids-LearnWithFun-Clock */,
				709EAE932580A93C00F8FEEC /* Kids-LearnWithFun-ClockTests */,
				709EAE9E2580A93C00F8FEEC /* Kids-LearnWithFun-ClockUITests */,
				709EAE7B2580A93600F8FEEC /* Products */,
			);
			sourceTree = "<group>";
		};
		709EAE7B2580A93600F8FEEC /* Products */ = {
			isa = PBXGroup;
			children = (
				709EAE7A2580A93600F8FEEC /* Learn Clock - Time.app */,
				709EAE902580A93C00F8FEEC /* Kids-LearnWithFun-ClockTests.xctest */,
				709EAE9B2580A93C00F8FEEC /* Kids-LearnWithFun-ClockUITests.xctest */,
			);
			name = Products;
			sourceTree = "<group>";
		};
		709EAE7C2580A93700F8FEEC /* Kids-LearnWithFun-Clock */ = {
			isa = PBXGroup;
			children = (
				4F1698A825E26D030049452D /* Payment */,
				4F5F38292594D00700992FE3 /* Gif_Images */,
				700E2E5B258A86590042EC2D /* Sound */,
				7023D4C825834E1100B752D4 /* CustomView */,
				7023D4C02581FDC200B752D4 /* LocalizableEnglish.strings */,
				709EAEBB258102AE00F8FEEC /* Extension */,
				709EAEB62580DB8F00F8FEEC /* GIF&Image */,
				709EAEAD2580AF3300F8FEEC /* Third Party */,
				709EAE7D2580A93700F8FEEC /* AppDelegate.swift */,
				709EAE7F2580A93700F8FEEC /* SceneDelegate.swift */,
				701675F62588C611004F19BA /* GuessViewController.swift */,
				709EAE812580A93700F8FEEC /* ViewController.swift */,
				709EAE832580A93700F8FEEC /* Main.storyboard */,
				709EAE862580A93C00F8FEEC /* Assets.xcassets */,
				709EAE882580A93C00F8FEEC /* LaunchScreen.storyboard */,
				709EAE8B2580A93C00F8FEEC /* Info.plist */,
				7023D4CD2583583800B752D4 /* AppConstants.swift */,
				701675F82588EE52004F19BA /* ShowClockViewController.swift */,
				701675F92588EE52004F19BA /* ShowClockViewController.xib */,
				4F128EB32597115E00B5575C /* SetTimeViewController.swift */,
				4F08829A25986B9E00E99167 /* PlayWithClockController.swift */,
				4F0EC401259D9B76008AC986 /* LearnViewController.swift */,
			);
			path = "Kids-LearnWithFun-Clock";
			sourceTree = "<group>";
		};
		709EAE932580A93C00F8FEEC /* Kids-LearnWithFun-ClockTests */ = {
			isa = PBXGroup;
			children = (
				709EAE942580A93C00F8FEEC /* Kids_LearnWithFun_ClockTests.swift */,
				709EAE962580A93C00F8FEEC /* Info.plist */,
			);
			path = "Kids-LearnWithFun-ClockTests";
			sourceTree = "<group>";
		};
		709EAE9E2580A93C00F8FEEC /* Kids-LearnWithFun-ClockUITests */ = {
			isa = PBXGroup;
			children = (
				709EAE9F2580A93C00F8FEEC /* Kids_LearnWithFun_ClockUITests.swift */,
				709EAEA12580A93C00F8FEEC /* Info.plist */,
			);
			path = "Kids-LearnWithFun-ClockUITests";
			sourceTree = "<group>";
		};
		709EAEAD2580AF3300F8FEEC /* Third Party */ = {
			isa = PBXGroup;
			children = (
				4F394C2825F4D42800F2403E /* GoogleMobileAdsSdkiOS-7.69.0 */,
				4F394C2725F4D42600F2403E /* Loading.gif */,
				4F428F7A25EE1C2400EED0E3 /* ClockFiles */,
				4F43E65525E159F30018B3E0 /* SwiftyStoreKit */,
				4F43E64425E153EA0018B3E0 /* Floaty */,
				709EAEB92580DD6000F8FEEC /* GIFSwift.swift */,
				709EAEB42580CA6C00F8FEEC /* CommanCode.swift */,
			);
			path = "Third Party";
			sourceTree = "<group>";
		};
		709EAEB62580DB8F00F8FEEC /* GIF&Image */ = {
			isa = PBXGroup;
			children = (
				709EAEB72580DBA000F8FEEC /* ClockLearn.gif */,
			);
			path = "GIF&Image";
			sourceTree = "<group>";
		};
		709EAEBB258102AE00F8FEEC /* Extension */ = {
			isa = PBXGroup;
			children = (
				4F479B3125EF916D00899201 /* UILabelExtension.swift */,
				70F28465258119C000D68BDA /* UIViewExtension.swift */,
				700E2E59258A12100042EC2D /* UIButtonExtension.swift */,
			);
			path = Extension;
			sourceTree = "<group>";
		};
/* End PBXGroup section */

/* Begin PBXNativeTarget section */
		709EAE792580A93600F8FEEC /* Learn Clock - Time */ = {
			isa = PBXNativeTarget;
			buildConfigurationList = 709EAEA42580A93C00F8FEEC /* Build configuration list for PBXNativeTarget "Learn Clock - Time" */;
			buildPhases = (
				709EAE762580A93600F8FEEC /* Sources */,
				709EAE772580A93600F8FEEC /* Frameworks */,
				709EAE782580A93600F8FEEC /* Resources */,
			);
			buildRules = (
			);
			dependencies = (
			);
			name = "Learn Clock - Time";
			productName = "Kids-LearnWithFun-Clock";
			productReference = 709EAE7A2580A93600F8FEEC /* Learn Clock - Time.app */;
			productType = "com.apple.product-type.application";
		};
		709EAE8F2580A93C00F8FEEC /* Kids-LearnWithFun-ClockTests */ = {
			isa = PBXNativeTarget;
			buildConfigurationList = 709EAEA72580A93C00F8FEEC /* Build configuration list for PBXNativeTarget "Kids-LearnWithFun-ClockTests" */;
			buildPhases = (
				709EAE8C2580A93C00F8FEEC /* Sources */,
				709EAE8D2580A93C00F8FEEC /* Frameworks */,
				709EAE8E2580A93C00F8FEEC /* Resources */,
			);
			buildRules = (
			);
			dependencies = (
				709EAE922580A93C00F8FEEC /* PBXTargetDependency */,
			);
			name = "Kids-LearnWithFun-ClockTests";
			productName = "Kids-LearnWithFun-ClockTests";
			productReference = 709EAE902580A93C00F8FEEC /* Kids-LearnWithFun-ClockTests.xctest */;
			productType = "com.apple.product-type.bundle.unit-test";
		};
		709EAE9A2580A93C00F8FEEC /* Kids-LearnWithFun-ClockUITests */ = {
			isa = PBXNativeTarget;
			buildConfigurationList = 709EAEAA2580A93C00F8FEEC /* Build configuration list for PBXNativeTarget "Kids-LearnWithFun-ClockUITests" */;
			buildPhases = (
				709EAE972580A93C00F8FEEC /* Sources */,
				709EAE982580A93C00F8FEEC /* Frameworks */,
				709EAE992580A93C00F8FEEC /* Resources */,
			);
			buildRules = (
			);
			dependencies = (
				709EAE9D2580A93C00F8FEEC /* PBXTargetDependency */,
			);
			name = "Kids-LearnWithFun-ClockUITests";
			productName = "Kids-LearnWithFun-ClockUITests";
			productReference = 709EAE9B2580A93C00F8FEEC /* Kids-LearnWithFun-ClockUITests.xctest */;
			productType = "com.apple.product-type.bundle.ui-testing";
		};
/* End PBXNativeTarget section */

/* Begin PBXProject section */
		709EAE722580A93600F8FEEC /* Project object */ = {
			isa = PBXProject;
			attributes = {
				LastSwiftUpdateCheck = 1130;
				LastUpgradeCheck = 1130;
				ORGANIZATIONNAME = "sheetal shinde";
				TargetAttributes = {
					709EAE792580A93600F8FEEC = {
						CreatedOnToolsVersion = 11.3.1;
					};
					709EAE8F2580A93C00F8FEEC = {
						CreatedOnToolsVersion = 11.3.1;
						TestTargetID = 709EAE792580A93600F8FEEC;
					};
					709EAE9A2580A93C00F8FEEC = {
						CreatedOnToolsVersion = 11.3.1;
						TestTargetID = 709EAE792580A93600F8FEEC;
					};
				};
			};
			buildConfigurationList = 709EAE752580A93600F8FEEC /* Build configuration list for PBXProject "Kids-LearnWithFun-Clock" */;
			compatibilityVersion = "Xcode 9.3";
			developmentRegion = en;
			hasScannedForEncodings = 0;
			knownRegions = (
				en,
				Base,
			);
			mainGroup = 709EAE712580A93600F8FEEC;
			productRefGroup = 709EAE7B2580A93600F8FEEC /* Products */;
			projectDirPath = "";
			projectRoot = "";
			targets = (
				709EAE792580A93600F8FEEC /* Learn Clock - Time */,
				709EAE8F2580A93C00F8FEEC /* Kids-LearnWithFun-ClockTests */,
				709EAE9A2580A93C00F8FEEC /* Kids-LearnWithFun-ClockUITests */,
			);
		};
/* End PBXProject section */

/* Begin PBXResourcesBuildPhase section */
		709EAE782580A93600F8FEEC /* Resources */ = {
			isa = PBXResourcesBuildPhase;
			buildActionMask = 2147483647;
			files = (
				4F1ABE192595F35100256AB8 /* starFalling.gif in Resources */,
				4F5F382B2594D02200992FE3 /* Cracker.gif in Resources */,
				4F394C3825F4D42800F2403E /* NanoPB-LICENSE in Resources */,
				4F43E67F25E163810018B3E0 /* BackgroundMusic.mp3 in Resources */,
				70111073258BB27D00159541 /* Wrong_word.mp3 in Resources */,
				4F394C3925F4D42800F2403E /* OpenMeasurement-LICENSE in Resources */,
				4F1698B925E26D140049452D /* SubscriptionDetailsController.xib in Resources */,
				4F5F383E2594E87200992FE3 /* fireworks03.gif in Resources */,
				4F394C3725F4D42800F2403E /* Promises-LICENSE in Resources */,
				709EAEB82580DBA000F8FEEC /* ClockLearn.gif in Resources */,
				4F5FCBBD25EE72C300331771 /* Set.mp3 in Resources */,
				4F1698AB25E26D0B0049452D /* CustomLiceneModelController.xib in Resources */,
				709EAE8A2580A93C00F8FEEC /* LaunchScreen.storyboard in Resources */,
				700E2E61258A8B290042EC2D /* Wrong1.mp3 in Resources */,
				4F1698B725E26D140049452D /* PaymentCostController.xib in Resources */,
				4F5FCBB525EE4AC200331771 /* 15-Minutes.mp3 in Resources */,
				709EAE872580A93C00F8FEEC /* Assets.xcassets in Resources */,
				70111075258BCA8600159541 /* Wrong_Option_Clip.mp3 in Resources */,
				701675FB2588EE52004F19BA /* ShowClockViewController.xib in Resources */,
				4F43E69625E165130018B3E0 /* ClockBgMusic.mp3 in Resources */,
				4F1698BA25E26D140049452D /* PaymentDetailViewController.xib in Resources */,
				7023D4CC2583523000B752D4 /* GuessTimeCardView.xib in Resources */,
				701675F42588C542004F19BA /* PictureCardView.xib in Resources */,
				709EAE852580A93700F8FEEC /* Main.storyboard in Resources */,
				4F394C3A25F4D42800F2403E /* GoogleUtilities-LICENSE in Resources */,
				4F1ABE1E2595F71800256AB8 /* GreenCracker.gif in Resources */,
				7023D4C12581FDC200B752D4 /* LocalizableEnglish.strings in Resources */,
				700E2E5F258A88580042EC2D /* WellDone.mp3 in Resources */,
				4F5FCBAF25EE4AB200331771 /* 3-Hour.mp3 in Resources */,
				700E2E5D258A86790042EC2D /* WrongSelection.mp3 in Resources */,
				4F394C3425F4D42800F2403E /* Loading.gif in Resources */,
			);
			runOnlyForDeploymentPostprocessing = 0;
		};
		709EAE8E2580A93C00F8FEEC /* Resources */ = {
			isa = PBXResourcesBuildPhase;
			buildActionMask = 2147483647;
			files = (
			);
			runOnlyForDeploymentPostprocessing = 0;
		};
		709EAE992580A93C00F8FEEC /* Resources */ = {
			isa = PBXResourcesBuildPhase;
			buildActionMask = 2147483647;
			files = (
			);
			runOnlyForDeploymentPostprocessing = 0;
		};
/* End PBXResourcesBuildPhase section */

/* Begin PBXSourcesBuildPhase section */
		709EAE762580A93600F8FEEC /* Sources */ = {
			isa = PBXSourcesBuildPhase;
			buildActionMask = 2147483647;
			files = (
				4F43E64B25E153EA0018B3E0 /* FloatyWindow.swift in Sources */,
				4F1E7D71259CC7C300A8A39B /* GuessClocket.swift in Sources */,
				701675F52588C542004F19BA /* PictureCardView.swift in Sources */,
				709EAE822580A93700F8FEEC /* ViewController.swift in Sources */,
				4F43E66D25E159F30018B3E0 /* PaymentsController.swift in Sources */,
				4F43E66C25E159F30018B3E0 /* CompleteTransactionsController.swift in Sources */,
				701675FA2588EE52004F19BA /* ShowClockViewController.swift in Sources */,
				4F43E66A25E159F30018B3E0 /* SwiftyStoreKit.swift in Sources */,
				4F43E66F25E159F30018B3E0 /* RestorePurchasesController.swift in Sources */,
				4F43E65025E153EA0018B3E0 /* FloatyDelegate.swift in Sources */,
				709EAEB32580AFE900F8FEEC /* SetClockFace.swift in Sources */,
				709EAEB12580AFE800F8FEEC /* SetClocket.swift in Sources */,
				7023D4CB2583523000B752D4 /* GuessTimeCardView.swift in Sources */,
				4F08829B25986B9E00E99167 /* PlayWithClockController.swift in Sources */,
				4F43E64C25E153EA0018B3E0 /* FloatyManager.swift in Sources */,
				4F1698BB25E26D140049452D /* PaymentCostController.swift in Sources */,
				4F1E7D6C259CC70000A8A39B /* GuessClockFace.swift in Sources */,
				709EAEB22580AFE900F8FEEC /* GuessClockHand.swift in Sources */,
				4F43E67125E159F30018B3E0 /* InAppReceiptVerificator.swift in Sources */,
				709EAEBA2580DD6000F8FEEC /* GIFSwift.swift in Sources */,
				4F43E67325E159F30018B3E0 /* AppleReceiptValidator.swift in Sources */,
				700E2E5A258A12100042EC2D /* UIButtonExtension.swift in Sources */,
				7023D4CE2583583800B752D4 /* AppConstants.swift in Sources */,
				4F43E66925E159F30018B3E0 /* InAppReceipt.swift in Sources */,
				4F43E66525E159F30018B3E0 /* SKProduct+LocalizedPrice.swift in Sources */,
				4F43E64F25E153EA0018B3E0 /* Floaty.swift in Sources */,
				4F479B3225EF916D00899201 /* UILabelExtension.swift in Sources */,
				4F43E66B25E159F30018B3E0 /* ProductsInfoController.swift in Sources */,
				4F0EC402259D9B76008AC986 /* LearnViewController.swift in Sources */,
				4F43E64D25E153EA0018B3E0 /* FloatyItem.swift in Sources */,
				709EAE7E2580A93700F8FEEC /* AppDelegate.swift in Sources */,
				4F43E66825E159F30018B3E0 /* SwiftyStoreKit+Types.swift in Sources */,
				70F28466258119C100D68BDA /* UIViewExtension.swift in Sources */,
				4F1698B625E26D140049452D /* PaymentDetailViewController.swift in Sources */,
				701675F72588C611004F19BA /* GuessViewController.swift in Sources */,
				709EAE802580A93700F8FEEC /* SceneDelegate.swift in Sources */,
				4F43E67025E159F30018B3E0 /* PaymentQueueController.swift in Sources */,
				4F128EB42597115E00B5575C /* SetTimeViewController.swift in Sources */,
				4F43E66625E159F30018B3E0 /* InAppProductQueryRequest.swift in Sources */,
				4F43E64E25E153EA0018B3E0 /* FloatyViewController.swift in Sources */,
				4F43E66E25E159F30018B3E0 /* OS.swift in Sources */,
				4F1698AC25E26D0B0049452D /* CustomLiceneModelController.swift in Sources */,
				4F1698B825E26D140049452D /* SubscriptionDetailsController.swift in Sources */,
				4F43E67225E159F30018B3E0 /* SKProductDiscount+LocalizedPrice.swift in Sources */,
				4F43E66725E159F30018B3E0 /* InAppReceiptRefreshRequest.swift in Sources */,
				709EAEB52580CA6C00F8FEEC /* CommanCode.swift in Sources */,
			);
			runOnlyForDeploymentPostprocessing = 0;
		};
		709EAE8C2580A93C00F8FEEC /* Sources */ = {
			isa = PBXSourcesBuildPhase;
			buildActionMask = 2147483647;
			files = (
				709EAE952580A93C00F8FEEC /* Kids_LearnWithFun_ClockTests.swift in Sources */,
			);
			runOnlyForDeploymentPostprocessing = 0;
		};
		709EAE972580A93C00F8FEEC /* Sources */ = {
			isa = PBXSourcesBuildPhase;
			buildActionMask = 2147483647;
			files = (
				709EAEA02580A93C00F8FEEC /* Kids_LearnWithFun_ClockUITests.swift in Sources */,
			);
			runOnlyForDeploymentPostprocessing = 0;
		};
/* End PBXSourcesBuildPhase section */

/* Begin PBXTargetDependency section */
		709EAE922580A93C00F8FEEC /* PBXTargetDependency */ = {
			isa = PBXTargetDependency;
			target = 709EAE792580A93600F8FEEC /* Learn Clock - Time */;
			targetProxy = 709EAE912580A93C00F8FEEC /* PBXContainerItemProxy */;
		};
		709EAE9D2580A93C00F8FEEC /* PBXTargetDependency */ = {
			isa = PBXTargetDependency;
			target = 709EAE792580A93600F8FEEC /* Learn Clock - Time */;
			targetProxy = 709EAE9C2580A93C00F8FEEC /* PBXContainerItemProxy */;
		};
/* End PBXTargetDependency section */

/* Begin PBXVariantGroup section */
		709EAE832580A93700F8FEEC /* Main.storyboard */ = {
			isa = PBXVariantGroup;
			children = (
				709EAE842580A93700F8FEEC /* Base */,
			);
			name = Main.storyboard;
			sourceTree = "<group>";
		};
		709EAE882580A93C00F8FEEC /* LaunchScreen.storyboard */ = {
			isa = PBXVariantGroup;
			children = (
				709EAE892580A93C00F8FEEC /* Base */,
			);
			name = LaunchScreen.storyboard;
			sourceTree = "<group>";
		};
/* End PBXVariantGroup section */

/* Begin XCBuildConfiguration section */
		709EAEA22580A93C00F8FEEC /* Debug */ = {
			isa = XCBuildConfiguration;
			buildSettings = {
				ALWAYS_SEARCH_USER_PATHS = NO;
				CLANG_ANALYZER_NONNULL = YES;
				CLANG_ANALYZER_NUMBER_OBJECT_CONVERSION = YES_AGGRESSIVE;
				CLANG_CXX_LANGUAGE_STANDARD = "gnu++14";
				CLANG_CXX_LIBRARY = "libc++";
				CLANG_ENABLE_MODULES = YES;
				CLANG_ENABLE_OBJC_ARC = YES;
				CLANG_ENABLE_OBJC_WEAK = YES;
				CLANG_WARN_BLOCK_CAPTURE_AUTORELEASING = YES;
				CLANG_WARN_BOOL_CONVERSION = YES;
				CLANG_WARN_COMMA = YES;
				CLANG_WARN_CONSTANT_CONVERSION = YES;
				CLANG_WARN_DEPRECATED_OBJC_IMPLEMENTATIONS = YES;
				CLANG_WARN_DIRECT_OBJC_ISA_USAGE = YES_ERROR;
				CLANG_WARN_DOCUMENTATION_COMMENTS = YES;
				CLANG_WARN_EMPTY_BODY = YES;
				CLANG_WARN_ENUM_CONVERSION = YES;
				CLANG_WARN_INFINITE_RECURSION = YES;
				CLANG_WARN_INT_CONVERSION = YES;
				CLANG_WARN_NON_LITERAL_NULL_CONVERSION = YES;
				CLANG_WARN_OBJC_IMPLICIT_RETAIN_SELF = YES;
				CLANG_WARN_OBJC_LITERAL_CONVERSION = YES;
				CLANG_WARN_OBJC_ROOT_CLASS = YES_ERROR;
				CLANG_WARN_RANGE_LOOP_ANALYSIS = YES;
				CLANG_WARN_STRICT_PROTOTYPES = YES;
				CLANG_WARN_SUSPICIOUS_MOVE = YES;
				CLANG_WARN_UNGUARDED_AVAILABILITY = YES_AGGRESSIVE;
				CLANG_WARN_UNREACHABLE_CODE = YES;
				CLANG_WARN__DUPLICATE_METHOD_MATCH = YES;
				COPY_PHASE_STRIP = NO;
				DEBUG_INFORMATION_FORMAT = dwarf;
				ENABLE_STRICT_OBJC_MSGSEND = YES;
				ENABLE_TESTABILITY = YES;
				GCC_C_LANGUAGE_STANDARD = gnu11;
				GCC_DYNAMIC_NO_PIC = NO;
				GCC_NO_COMMON_BLOCKS = YES;
				GCC_OPTIMIZATION_LEVEL = 0;
				GCC_PREPROCESSOR_DEFINITIONS = (
					"DEBUG=1",
					"$(inherited)",
				);
				GCC_WARN_64_TO_32_BIT_CONVERSION = YES;
				GCC_WARN_ABOUT_RETURN_TYPE = YES_ERROR;
				GCC_WARN_UNDECLARED_SELECTOR = YES;
				GCC_WARN_UNINITIALIZED_AUTOS = YES_AGGRESSIVE;
				GCC_WARN_UNUSED_FUNCTION = YES;
				GCC_WARN_UNUSED_VARIABLE = YES;
				IPHONEOS_DEPLOYMENT_TARGET = 13.2;
				MTL_ENABLE_DEBUG_INFO = INCLUDE_SOURCE;
				MTL_FAST_MATH = YES;
				ONLY_ACTIVE_ARCH = YES;
				SDKROOT = iphoneos;
				SWIFT_ACTIVE_COMPILATION_CONDITIONS = DEBUG;
				SWIFT_OPTIMIZATION_LEVEL = "-Onone";
			};
			name = Debug;
		};
		709EAEA32580A93C00F8FEEC /* Release */ = {
			isa = XCBuildConfiguration;
			buildSettings = {
				ALWAYS_SEARCH_USER_PATHS = NO;
				CLANG_ANALYZER_NONNULL = YES;
				CLANG_ANALYZER_NUMBER_OBJECT_CONVERSION = YES_AGGRESSIVE;
				CLANG_CXX_LANGUAGE_STANDARD = "gnu++14";
				CLANG_CXX_LIBRARY = "libc++";
				CLANG_ENABLE_MODULES = YES;
				CLANG_ENABLE_OBJC_ARC = YES;
				CLANG_ENABLE_OBJC_WEAK = YES;
				CLANG_WARN_BLOCK_CAPTURE_AUTORELEASING = YES;
				CLANG_WARN_BOOL_CONVERSION = YES;
				CLANG_WARN_COMMA = YES;
				CLANG_WARN_CONSTANT_CONVERSION = YES;
				CLANG_WARN_DEPRECATED_OBJC_IMPLEMENTATIONS = YES;
				CLANG_WARN_DIRECT_OBJC_ISA_USAGE = YES_ERROR;
				CLANG_WARN_DOCUMENTATION_COMMENTS = YES;
				CLANG_WARN_EMPTY_BODY = YES;
				CLANG_WARN_ENUM_CONVERSION = YES;
				CLANG_WARN_INFINITE_RECURSION = YES;
				CLANG_WARN_INT_CONVERSION = YES;
				CLANG_WARN_NON_LITERAL_NULL_CONVERSION = YES;
				CLANG_WARN_OBJC_IMPLICIT_RETAIN_SELF = YES;
				CLANG_WARN_OBJC_LITERAL_CONVERSION = YES;
				CLANG_WARN_OBJC_ROOT_CLASS = YES_ERROR;
				CLANG_WARN_RANGE_LOOP_ANALYSIS = YES;
				CLANG_WARN_STRICT_PROTOTYPES = YES;
				CLANG_WARN_SUSPICIOUS_MOVE = YES;
				CLANG_WARN_UNGUARDED_AVAILABILITY = YES_AGGRESSIVE;
				CLANG_WARN_UNREACHABLE_CODE = YES;
				CLANG_WARN__DUPLICATE_METHOD_MATCH = YES;
				COPY_PHASE_STRIP = NO;
				DEBUG_INFORMATION_FORMAT = "dwarf-with-dsym";
				ENABLE_NS_ASSERTIONS = NO;
				ENABLE_STRICT_OBJC_MSGSEND = YES;
				GCC_C_LANGUAGE_STANDARD = gnu11;
				GCC_NO_COMMON_BLOCKS = YES;
				GCC_WARN_64_TO_32_BIT_CONVERSION = YES;
				GCC_WARN_ABOUT_RETURN_TYPE = YES_ERROR;
				GCC_WARN_UNDECLARED_SELECTOR = YES;
				GCC_WARN_UNINITIALIZED_AUTOS = YES_AGGRESSIVE;
				GCC_WARN_UNUSED_FUNCTION = YES;
				GCC_WARN_UNUSED_VARIABLE = YES;
				IPHONEOS_DEPLOYMENT_TARGET = 13.2;
				MTL_ENABLE_DEBUG_INFO = NO;
				MTL_FAST_MATH = YES;
				SDKROOT = iphoneos;
				SWIFT_COMPILATION_MODE = wholemodule;
				SWIFT_OPTIMIZATION_LEVEL = "-O";
				VALIDATE_PRODUCT = YES;
			};
			name = Release;
		};
		709EAEA52580A93C00F8FEEC /* Debug */ = {
			isa = XCBuildConfiguration;
			buildSettings = {
				ASSETCATALOG_COMPILER_APPICON_NAME = AppIcon;
				CODE_SIGN_IDENTITY = "iPhone Developer";
				CODE_SIGN_STYLE = Manual;
				DEVELOPMENT_TEAM = M9C32R6P4U;
				EXCLUDED_ARCHS = "";
				FRAMEWORK_SEARCH_PATHS = (
					"$(inherited)",
					"$(PROJECT_DIR)/Kids-LearnWithFun-Clock/Third\\ Party/GoogleMobileAdsSdkiOS-7.69.0",
				);
				INFOPLIST_FILE = "Kids-LearnWithFun-Clock/Info.plist";
				LD_RUNPATH_SEARCH_PATHS = (
					"$(inherited)",
					"@executable_path/Frameworks",
				);
				OTHER_LDFLAGS = "-ObjC";
				PRODUCT_BUNDLE_IDENTIFIER = com.mobiapps360.LearnClockTime;
				PRODUCT_NAME = "$(TARGET_NAME)";
				PROVISIONING_PROFILE_SPECIFIER = "LearnClockTime Development Profile";
				SWIFT_VERSION = 5.0;
				TARGETED_DEVICE_FAMILY = "1,2";
			};
			name = Debug;
		};
		709EAEA62580A93C00F8FEEC /* Release */ = {
			isa = XCBuildConfiguration;
			buildSettings = {
				ASSETCATALOG_COMPILER_APPICON_NAME = AppIcon;
				CODE_SIGN_IDENTITY = "iPhone Developer";
				CODE_SIGN_STYLE = Manual;
				DEVELOPMENT_TEAM = M9C32R6P4U;
				EXCLUDED_ARCHS = "";
				FRAMEWORK_SEARCH_PATHS = (
					"$(inherited)",
					"$(PROJECT_DIR)/Kids-LearnWithFun-Clock/Third\\ Party/GoogleMobileAdsSdkiOS-7.69.0",
				);
				INFOPLIST_FILE = "Kids-LearnWithFun-Clock/Info.plist";
				LD_RUNPATH_SEARCH_PATHS = (
					"$(inherited)",
					"@executable_path/Frameworks",
				);
				OTHER_LDFLAGS = "-ObjC";
				PRODUCT_BUNDLE_IDENTIFIER = com.mobiapps360.LearnClockTime;
				PRODUCT_NAME = "$(TARGET_NAME)";
				PROVISIONING_PROFILE_SPECIFIER = "LearnClockTime Development Profile";
				SWIFT_VERSION = 5.0;
				TARGETED_DEVICE_FAMILY = "1,2";
			};
			name = Release;
		};
		709EAEA82580A93C00F8FEEC /* Debug */ = {
			isa = XCBuildConfiguration;
			buildSettings = {
				ALWAYS_EMBED_SWIFT_STANDARD_LIBRARIES = YES;
				BUNDLE_LOADER = "$(TEST_HOST)";
				CODE_SIGN_STYLE = Automatic;
				DEVELOPMENT_TEAM = M9C32R6P4U;
				INFOPLIST_FILE = "Kids-LearnWithFun-ClockTests/Info.plist";
				IPHONEOS_DEPLOYMENT_TARGET = 13.2;
				LD_RUNPATH_SEARCH_PATHS = (
					"$(inherited)",
					"@executable_path/Frameworks",
					"@loader_path/Frameworks",
				);
				PRODUCT_BUNDLE_IDENTIFIER = "com.sheetal.Kids-LearnWithFun-ClockTests";
				PRODUCT_NAME = "$(TARGET_NAME)";
				SWIFT_VERSION = 5.0;
				TARGETED_DEVICE_FAMILY = "1,2";
				TEST_HOST = "$(BUILT_PRODUCTS_DIR)/Kids-LearnWithFun-Clock.app/Kids-LearnWithFun-Clock";
			};
			name = Debug;
		};
		709EAEA92580A93C00F8FEEC /* Release */ = {
			isa = XCBuildConfiguration;
			buildSettings = {
				ALWAYS_EMBED_SWIFT_STANDARD_LIBRARIES = YES;
				BUNDLE_LOADER = "$(TEST_HOST)";
				CODE_SIGN_STYLE = Automatic;
				DEVELOPMENT_TEAM = M9C32R6P4U;
				INFOPLIST_FILE = "Kids-LearnWithFun-ClockTests/Info.plist";
				IPHONEOS_DEPLOYMENT_TARGET = 13.2;
				LD_RUNPATH_SEARCH_PATHS = (
					"$(inherited)",
					"@executable_path/Frameworks",
					"@loader_path/Frameworks",
				);
				PRODUCT_BUNDLE_IDENTIFIER = "com.sheetal.Kids-LearnWithFun-ClockTests";
				PRODUCT_NAME = "$(TARGET_NAME)";
				SWIFT_VERSION = 5.0;
				TARGETED_DEVICE_FAMILY = "1,2";
				TEST_HOST = "$(BUILT_PRODUCTS_DIR)/Kids-LearnWithFun-Clock.app/Kids-LearnWithFun-Clock";
			};
			name = Release;
		};
		709EAEAB2580A93C00F8FEEC /* Debug */ = {
			isa = XCBuildConfiguration;
			buildSettings = {
				ALWAYS_EMBED_SWIFT_STANDARD_LIBRARIES = YES;
				CODE_SIGN_STYLE = Automatic;
				DEVELOPMENT_TEAM = M9C32R6P4U;
				INFOPLIST_FILE = "Kids-LearnWithFun-ClockUITests/Info.plist";
				LD_RUNPATH_SEARCH_PATHS = (
					"$(inherited)",
					"@executable_path/Frameworks",
					"@loader_path/Frameworks",
				);
				PRODUCT_BUNDLE_IDENTIFIER = "com.sheetal.Kids-LearnWithFun-ClockUITests";
				PRODUCT_NAME = "$(TARGET_NAME)";
				SWIFT_VERSION = 5.0;
				TARGETED_DEVICE_FAMILY = "1,2";
				TEST_TARGET_NAME = "Kids-LearnWithFun-Clock";
			};
			name = Debug;
		};
		709EAEAC2580A93C00F8FEEC /* Release */ = {
			isa = XCBuildConfiguration;
			buildSettings = {
				ALWAYS_EMBED_SWIFT_STANDARD_LIBRARIES = YES;
				CODE_SIGN_STYLE = Automatic;
				DEVELOPMENT_TEAM = M9C32R6P4U;
				INFOPLIST_FILE = "Kids-LearnWithFun-ClockUITests/Info.plist";
				LD_RUNPATH_SEARCH_PATHS = (
					"$(inherited)",
					"@executable_path/Frameworks",
					"@loader_path/Frameworks",
				);
				PRODUCT_BUNDLE_IDENTIFIER = "com.sheetal.Kids-LearnWithFun-ClockUITests";
				PRODUCT_NAME = "$(TARGET_NAME)";
				SWIFT_VERSION = 5.0;
				TARGETED_DEVICE_FAMILY = "1,2";
				TEST_TARGET_NAME = "Kids-LearnWithFun-Clock";
			};
			name = Release;
		};
/* End XCBuildConfiguration section */

/* Begin XCConfigurationList section */
		709EAE752580A93600F8FEEC /* Build configuration list for PBXProject "Kids-LearnWithFun-Clock" */ = {
			isa = XCConfigurationList;
			buildConfigurations = (
				709EAEA22580A93C00F8FEEC /* Debug */,
				709EAEA32580A93C00F8FEEC /* Release */,
			);
			defaultConfigurationIsVisible = 0;
			defaultConfigurationName = Release;
		};
		709EAEA42580A93C00F8FEEC /* Build configuration list for PBXNativeTarget "Learn Clock - Time" */ = {
			isa = XCConfigurationList;
			buildConfigurations = (
				709EAEA52580A93C00F8FEEC /* Debug */,
				709EAEA62580A93C00F8FEEC /* Release */,
			);
			defaultConfigurationIsVisible = 0;
			defaultConfigurationName = Release;
		};
		709EAEA72580A93C00F8FEEC /* Build configuration list for PBXNativeTarget "Kids-LearnWithFun-ClockTests" */ = {
			isa = XCConfigurationList;
			buildConfigurations = (
				709EAEA82580A93C00F8FEEC /* Debug */,
				709EAEA92580A93C00F8FEEC /* Release */,
			);
			defaultConfigurationIsVisible = 0;
			defaultConfigurationName = Release;
		};
		709EAEAA2580A93C00F8FEEC /* Build configuration list for PBXNativeTarget "Kids-LearnWithFun-ClockUITests" */ = {
			isa = XCConfigurationList;
			buildConfigurations = (
				709EAEAB2580A93C00F8FEEC /* Debug */,
				709EAEAC2580A93C00F8FEEC /* Release */,
			);
			defaultConfigurationIsVisible = 0;
			defaultConfigurationName = Release;
		};
/* End XCConfigurationList section */
	};
	rootObject = 709EAE722580A93600F8FEEC /* Project object */;
}
